
Microsoft Visual Studio Solution File, Format Version 12.00
# Visual Studio Version 17
VisualStudioVersion = 17.14.36414.22 d17.14
MinimumVisualStudioVersion = 10.0.40219.1
Project("{FAE04EC0-301F-11D3-BF4B-00C04F79EFBC}") = "GestionFerme-TP1", "GestionFerme-TP1.csproj", "{B3D7834B-17E9-4811-A69F-C102DBBE8B9B}"
EndProject
Global
	GlobalSection(SolutionConfigurationPlatforms) = preSolution
		Debug|Any CPU = Debug|Any CPU
		Release|Any CPU = Release|Any CPU
	EndGlobalSection
	GlobalSection(ProjectConfigurationPlatforms) = postSolution
		{B3D7834B-17E9-4811-A69F-C102DBBE8B9B}.Debug|Any CPU.ActiveCfg = Debug|Any CPU
		{B3D7834B-17E9-4811-A69F-C102DBBE8B9B}.Debug|Any CPU.Build.0 = Debug|Any CPU
		{B3D7834B-17E9-4811-A69F-C102DBBE8B9B}.Release|Any CPU.ActiveCfg = Release|Any CPU
		{B3D7834B-17E9-4811-A69F-C102DBBE8B9B}.Release|Any CPU.Build.0 = Release|Any CPU
	EndGlobalSection
	GlobalSection(SolutionProperties) = preSolution
		HideSolutionNode = FALSE
	EndGlobalSection
	GlobalSection(ExtensibilityGlobals) = postSolution
		SolutionGuid = {70451B7B-276B-4CF6-86EF-11B32E4AC2BD}
	EndGlobalSection
EndGlobal
